// !$*UTF8*$!
{
	archiveVersion = 1;
	classes = {
	};
	objectVersion = 51;
	objects = {

/* Begin PBXBuildFile section */
		24AD109845260E8F085AF381 /* Pods_Assemble.framework in Frameworks */ = {isa = PBXBuildFile; fileRef = 6E0C61C433E28EFC2F318364 /* Pods_Assemble.framework */; };
		BE074C3B26F5671B0044809C /* MyEventsViewController.swift in Sources */ = {isa = PBXBuildFile; fileRef = BE074C3A26F5671B0044809C /* MyEventsViewController.swift */; };
		BE074C3D26F5703D0044809C /* Events.storyboard in Resources */ = {isa = PBXBuildFile; fileRef = BE074C3C26F5703D0044809C /* Events.storyboard */; };
		BE074C3F26F690C80044809C /* FirebaseConstants.swift in Sources */ = {isa = PBXBuildFile; fileRef = BE074C3E26F690C80044809C /* FirebaseConstants.swift */; };
		BE074C4526F6B47B0044809C /* CreateEventViewController.swift in Sources */ = {isa = PBXBuildFile; fileRef = BE074C4426F6B47B0044809C /* CreateEventViewController.swift */; };
		BE364F6526F5116A004FA8C2 /* AppDelegate.swift in Sources */ = {isa = PBXBuildFile; fileRef = BE364F6426F5116A004FA8C2 /* AppDelegate.swift */; };
		BE364F6726F5116A004FA8C2 /* SceneDelegate.swift in Sources */ = {isa = PBXBuildFile; fileRef = BE364F6626F5116A004FA8C2 /* SceneDelegate.swift */; };
		BE364F6926F5116A004FA8C2 /* StartViewController.swift in Sources */ = {isa = PBXBuildFile; fileRef = BE364F6826F5116A004FA8C2 /* StartViewController.swift */; };
		BE364F6C26F5116B004FA8C2 /* Main.storyboard in Resources */ = {isa = PBXBuildFile; fileRef = BE364F6A26F5116B004FA8C2 /* Main.storyboard */; };
		BE364F6F26F5116B004FA8C2 /* Assemble.xcdatamodeld in Sources */ = {isa = PBXBuildFile; fileRef = BE364F6D26F5116B004FA8C2 /* Assemble.xcdatamodeld */; };
		BE364F7126F5116F004FA8C2 /* Assets.xcassets in Resources */ = {isa = PBXBuildFile; fileRef = BE364F7026F5116F004FA8C2 /* Assets.xcassets */; };
		BE364F7426F5116F004FA8C2 /* LaunchScreen.storyboard in Resources */ = {isa = PBXBuildFile; fileRef = BE364F7226F5116F004FA8C2 /* LaunchScreen.storyboard */; };
		BE364F8826F516DC004FA8C2 /* Colors.swift in Sources */ = {isa = PBXBuildFile; fileRef = BE364F8726F516DC004FA8C2 /* Colors.swift */; };
		BE364F8A26F51781004FA8C2 /* Colors.xcassets in Resources */ = {isa = PBXBuildFile; fileRef = BE364F8926F51781004FA8C2 /* Colors.xcassets */; };
		BE364F8C26F54881004FA8C2 /* GoogleService-Info.plist in Resources */ = {isa = PBXBuildFile; fileRef = BE364F8B26F54881004FA8C2 /* GoogleService-Info.plist */; };
		BEBFE05926F6BF9B00231F30 /* EditDescriptionViewController.swift in Sources */ = {isa = PBXBuildFile; fileRef = BEBFE05826F6BF9B00231F30 /* EditDescriptionViewController.swift */; };
/* End PBXBuildFile section */

/* Begin PBXFileReference section */
		1CBACA429D02B5F9DA51B71A /* Pods-Assemble.debug.xcconfig */ = {isa = PBXFileReference; includeInIndex = 1; lastKnownFileType = text.xcconfig; name = "Pods-Assemble.debug.xcconfig"; path = "Target Support Files/Pods-Assemble/Pods-Assemble.debug.xcconfig"; sourceTree = "<group>"; };
		6E0C61C433E28EFC2F318364 /* Pods_Assemble.framework */ = {isa = PBXFileReference; explicitFileType = wrapper.framework; includeInIndex = 0; path = Pods_Assemble.framework; sourceTree = BUILT_PRODUCTS_DIR; };
		BE074C3A26F5671B0044809C /* MyEventsViewController.swift */ = {isa = PBXFileReference; lastKnownFileType = sourcecode.swift; path = MyEventsViewController.swift; sourceTree = "<group>"; };
		BE074C3C26F5703D0044809C /* Events.storyboard */ = {isa = PBXFileReference; lastKnownFileType = file.storyboard; path = Events.storyboard; sourceTree = "<group>"; };
		BE074C3E26F690C80044809C /* FirebaseConstants.swift */ = {isa = PBXFileReference; lastKnownFileType = sourcecode.swift; path = FirebaseConstants.swift; sourceTree = "<group>"; };
		BE074C4426F6B47B0044809C /* CreateEventViewController.swift */ = {isa = PBXFileReference; lastKnownFileType = sourcecode.swift; path = CreateEventViewController.swift; sourceTree = "<group>"; };
		BE13BC5826F5531600D2F5EE /* Assemble.entitlements */ = {isa = PBXFileReference; lastKnownFileType = text.plist.entitlements; path = Assemble.entitlements; sourceTree = "<group>"; };
		BE364F6126F5116A004FA8C2 /* Assemble.app */ = {isa = PBXFileReference; explicitFileType = wrapper.application; includeInIndex = 0; path = Assemble.app; sourceTree = BUILT_PRODUCTS_DIR; };
		BE364F6426F5116A004FA8C2 /* AppDelegate.swift */ = {isa = PBXFileReference; lastKnownFileType = sourcecode.swift; path = AppDelegate.swift; sourceTree = "<group>"; };
		BE364F6626F5116A004FA8C2 /* SceneDelegate.swift */ = {isa = PBXFileReference; lastKnownFileType = sourcecode.swift; path = SceneDelegate.swift; sourceTree = "<group>"; };
		BE364F6826F5116A004FA8C2 /* StartViewController.swift */ = {isa = PBXFileReference; lastKnownFileType = sourcecode.swift; path = StartViewController.swift; sourceTree = "<group>"; };
		BE364F6B26F5116B004FA8C2 /* Base */ = {isa = PBXFileReference; lastKnownFileType = file.storyboard; name = Base; path = Base.lproj/Main.storyboard; sourceTree = "<group>"; };
		BE364F6E26F5116B004FA8C2 /* Assemble.xcdatamodel */ = {isa = PBXFileReference; lastKnownFileType = wrapper.xcdatamodel; path = Assemble.xcdatamodel; sourceTree = "<group>"; };
		BE364F7026F5116F004FA8C2 /* Assets.xcassets */ = {isa = PBXFileReference; lastKnownFileType = folder.assetcatalog; path = Assets.xcassets; sourceTree = "<group>"; };
		BE364F7326F5116F004FA8C2 /* Base */ = {isa = PBXFileReference; lastKnownFileType = file.storyboard; name = Base; path = Base.lproj/LaunchScreen.storyboard; sourceTree = "<group>"; };
		BE364F7526F5116F004FA8C2 /* Info.plist */ = {isa = PBXFileReference; lastKnownFileType = text.plist.xml; path = Info.plist; sourceTree = "<group>"; };
		BE364F8726F516DC004FA8C2 /* Colors.swift */ = {isa = PBXFileReference; lastKnownFileType = sourcecode.swift; path = Colors.swift; sourceTree = "<group>"; };
		BE364F8926F51781004FA8C2 /* Colors.xcassets */ = {isa = PBXFileReference; lastKnownFileType = folder.assetcatalog; path = Colors.xcassets; sourceTree = "<group>"; };
		BE364F8B26F54881004FA8C2 /* GoogleService-Info.plist */ = {isa = PBXFileReference; fileEncoding = 4; lastKnownFileType = text.plist.xml; path = "GoogleService-Info.plist"; sourceTree = "<group>"; };
		BEBFE05826F6BF9B00231F30 /* EditDescriptionViewController.swift */ = {isa = PBXFileReference; lastKnownFileType = sourcecode.swift; path = EditDescriptionViewController.swift; sourceTree = "<group>"; };
		DEF25D783621AD2C3BF72A15 /* Pods-Assemble.release.xcconfig */ = {isa = PBXFileReference; includeInIndex = 1; lastKnownFileType = text.xcconfig; name = "Pods-Assemble.release.xcconfig"; path = "Target Support Files/Pods-Assemble/Pods-Assemble.release.xcconfig"; sourceTree = "<group>"; };
/* End PBXFileReference section */

/* Begin PBXFrameworksBuildPhase section */
		BE364F5E26F5116A004FA8C2 /* Frameworks */ = {
			isa = PBXFrameworksBuildPhase;
			buildActionMask = 2147483647;
			files = (
				24AD109845260E8F085AF381 /* Pods_Assemble.framework in Frameworks */,
			);
			runOnlyForDeploymentPostprocessing = 0;
		};
/* End PBXFrameworksBuildPhase section */

/* Begin PBXGroup section */
		16C5B32B3899CB06F334299D /* Pods */ = {
			isa = PBXGroup;
			children = (
				1CBACA429D02B5F9DA51B71A /* Pods-Assemble.debug.xcconfig */,
				DEF25D783621AD2C3BF72A15 /* Pods-Assemble.release.xcconfig */,
			);
			path = Pods;
			sourceTree = "<group>";
		};
		916376EA6ADE6713105A14CE /* Frameworks */ = {
			isa = PBXGroup;
			children = (
				6E0C61C433E28EFC2F318364 /* Pods_Assemble.framework */,
			);
			name = Frameworks;
			sourceTree = "<group>";
		};
		BE364F5826F5116A004FA8C2 = {
			isa = PBXGroup;
			children = (
				BE364F6326F5116A004FA8C2 /* Assemble */,
				BE364F6226F5116A004FA8C2 /* Products */,
				16C5B32B3899CB06F334299D /* Pods */,
				916376EA6ADE6713105A14CE /* Frameworks */,
			);
			sourceTree = "<group>";
		};
		BE364F6226F5116A004FA8C2 /* Products */ = {
			isa = PBXGroup;
			children = (
				BE364F6126F5116A004FA8C2 /* Assemble.app */,
			);
			name = Products;
			sourceTree = "<group>";
		};
		BE364F6326F5116A004FA8C2 /* Assemble */ = {
			isa = PBXGroup;
			children = (
				BE364F7D26F51467004FA8C2 /* Application */,
				BE364F8126F514DD004FA8C2 /* Controllers */,
				BE364F8226F514FE004FA8C2 /* CoreData */,
				BE364F8326F515A4004FA8C2 /* Models */,
				BE364F8026F514AE004FA8C2 /* Resources */,
				BE364F7F26F5149A004FA8C2 /* Storyboards */,
				BE364F8426F515B7004FA8C2 /* Views */,
			);
			path = Assemble;
			sourceTree = "<group>";
		};
		BE364F7D26F51467004FA8C2 /* Application */ = {
			isa = PBXGroup;
			children = (
				BE13BC5826F5531600D2F5EE /* Assemble.entitlements */,
				BE364F8B26F54881004FA8C2 /* GoogleService-Info.plist */,
				BE364F6426F5116A004FA8C2 /* AppDelegate.swift */,
				BE364F6626F5116A004FA8C2 /* SceneDelegate.swift */,
				BE364F7526F5116F004FA8C2 /* Info.plist */,
			);
			name = Application;
			sourceTree = "<group>";
		};
		BE364F7F26F5149A004FA8C2 /* Storyboards */ = {
			isa = PBXGroup;
			children = (
				BE364F7226F5116F004FA8C2 /* LaunchScreen.storyboard */,
				BE364F6A26F5116B004FA8C2 /* Main.storyboard */,
				BE074C3C26F5703D0044809C /* Events.storyboard */,
			);
			name = Storyboards;
			sourceTree = "<group>";
		};
		BE364F8026F514AE004FA8C2 /* Resources */ = {
			isa = PBXGroup;
			children = (
				BE364F7026F5116F004FA8C2 /* Assets.xcassets */,
				BE364F8926F51781004FA8C2 /* Colors.xcassets */,
				BE074C3E26F690C80044809C /* FirebaseConstants.swift */,
			);
			path = Resources;
			sourceTree = "<group>";
		};
		BE364F8126F514DD004FA8C2 /* Controllers */ = {
			isa = PBXGroup;
			children = (
				BE364F6826F5116A004FA8C2 /* StartViewController.swift */,
				BE074C3A26F5671B0044809C /* MyEventsViewController.swift */,
				BE074C4426F6B47B0044809C /* CreateEventViewController.swift */,
				BEBFE05826F6BF9B00231F30 /* EditDescriptionViewController.swift */,
			);
			path = Controllers;
			sourceTree = "<group>";
		};
		BE364F8226F514FE004FA8C2 /* CoreData */ = {
			isa = PBXGroup;
			children = (
				BE364F6D26F5116B004FA8C2 /* Assemble.xcdatamodeld */,
			);
			path = CoreData;
			sourceTree = "<group>";
		};
		BE364F8326F515A4004FA8C2 /* Models */ = {
			isa = PBXGroup;
			children = (
			);
			path = Models;
			sourceTree = "<group>";
		};
		BE364F8426F515B7004FA8C2 /* Views */ = {
			isa = PBXGroup;
			children = (
				BE364F8726F516DC004FA8C2 /* Colors.swift */,
			);
			path = Views;
			sourceTree = "<group>";
		};
/* End PBXGroup section */

/* Begin PBXNativeTarget section */
		BE364F6026F5116A004FA8C2 /* Assemble */ = {
			isa = PBXNativeTarget;
			buildConfigurationList = BE364F7826F5116F004FA8C2 /* Build configuration list for PBXNativeTarget "Assemble" */;
			buildPhases = (
				D464B74DDC07AB908DAB310E /* [CP] Check Pods Manifest.lock */,
				BE364F5D26F5116A004FA8C2 /* Sources */,
				BE364F5E26F5116A004FA8C2 /* Frameworks */,
				BE364F5F26F5116A004FA8C2 /* Resources */,
				303FE66C75642B07E67A9F8B /* [CP] Embed Pods Frameworks */,
				BC3DD8AADB5F14CD8D20E13B /* [CP] Copy Pods Resources */,
			);
			buildRules = (
			);
			dependencies = (
			);
			name = Assemble;
			productName = Assemble;
			productReference = BE364F6126F5116A004FA8C2 /* Assemble.app */;
			productType = "com.apple.product-type.application";
		};
/* End PBXNativeTarget section */

/* Begin PBXProject section */
		BE364F5926F5116A004FA8C2 /* Project object */ = {
			isa = PBXProject;
			attributes = {
				LastSwiftUpdateCheck = 1250;
				LastUpgradeCheck = 1250;
				TargetAttributes = {
					BE364F6026F5116A004FA8C2 = {
						CreatedOnToolsVersion = 12.5.1;
					};
				};
			};
			buildConfigurationList = BE364F5C26F5116A004FA8C2 /* Build configuration list for PBXProject "Assemble" */;
			compatibilityVersion = "Xcode 9.3";
			developmentRegion = en;
			hasScannedForEncodings = 0;
			knownRegions = (
				en,
				Base,
			);
			mainGroup = BE364F5826F5116A004FA8C2;
			productRefGroup = BE364F6226F5116A004FA8C2 /* Products */;
			projectDirPath = "";
			projectRoot = "";
			targets = (
				BE364F6026F5116A004FA8C2 /* Assemble */,
			);
		};
/* End PBXProject section */

/* Begin PBXResourcesBuildPhase section */
		BE364F5F26F5116A004FA8C2 /* Resources */ = {
			isa = PBXResourcesBuildPhase;
			buildActionMask = 2147483647;
			files = (
				BE364F7426F5116F004FA8C2 /* LaunchScreen.storyboard in Resources */,
				BE364F8A26F51781004FA8C2 /* Colors.xcassets in Resources */,
				BE364F8C26F54881004FA8C2 /* GoogleService-Info.plist in Resources */,
				BE364F7126F5116F004FA8C2 /* Assets.xcassets in Resources */,
				BE364F6C26F5116B004FA8C2 /* Main.storyboard in Resources */,
				BE074C3D26F5703D0044809C /* Events.storyboard in Resources */,
			);
			runOnlyForDeploymentPostprocessing = 0;
		};
/* End PBXResourcesBuildPhase section */

/* Begin PBXShellScriptBuildPhase section */
		303FE66C75642B07E67A9F8B /* [CP] Embed Pods Frameworks */ = {
			isa = PBXShellScriptBuildPhase;
			buildActionMask = 2147483647;
			files = (
			);
			inputFileListPaths = (
				"${PODS_ROOT}/Target Support Files/Pods-Assemble/Pods-Assemble-frameworks-${CONFIGURATION}-input-files.xcfilelist",
			);
			name = "[CP] Embed Pods Frameworks";
			outputFileListPaths = (
				"${PODS_ROOT}/Target Support Files/Pods-Assemble/Pods-Assemble-frameworks-${CONFIGURATION}-output-files.xcfilelist",
			);
			runOnlyForDeploymentPostprocessing = 0;
			shellPath = /bin/sh;
			shellScript = "\"${PODS_ROOT}/Target Support Files/Pods-Assemble/Pods-Assemble-frameworks.sh\"\n";
			showEnvVarsInLog = 0;
		};
		BC3DD8AADB5F14CD8D20E13B /* [CP] Copy Pods Resources */ = {
			isa = PBXShellScriptBuildPhase;
			buildActionMask = 2147483647;
			files = (
			);
			inputFileListPaths = (
				"${PODS_ROOT}/Target Support Files/Pods-Assemble/Pods-Assemble-resources-${CONFIGURATION}-input-files.xcfilelist",
			);
			name = "[CP] Copy Pods Resources";
			outputFileListPaths = (
				"${PODS_ROOT}/Target Support Files/Pods-Assemble/Pods-Assemble-resources-${CONFIGURATION}-output-files.xcfilelist",
			);
			runOnlyForDeploymentPostprocessing = 0;
			shellPath = /bin/sh;
			shellScript = "\"${PODS_ROOT}/Target Support Files/Pods-Assemble/Pods-Assemble-resources.sh\"\n";
			showEnvVarsInLog = 0;
		};
		D464B74DDC07AB908DAB310E /* [CP] Check Pods Manifest.lock */ = {
			isa = PBXShellScriptBuildPhase;
			buildActionMask = 2147483647;
			files = (
			);
			inputFileListPaths = (
			);
			inputPaths = (
				"${PODS_PODFILE_DIR_PATH}/Podfile.lock",
				"${PODS_ROOT}/Manifest.lock",
			);
			name = "[CP] Check Pods Manifest.lock";
			outputFileListPaths = (
			);
			outputPaths = (
				"$(DERIVED_FILE_DIR)/Pods-Assemble-checkManifestLockResult.txt",
			);
			runOnlyForDeploymentPostprocessing = 0;
			shellPath = /bin/sh;
			shellScript = "diff \"${PODS_PODFILE_DIR_PATH}/Podfile.lock\" \"${PODS_ROOT}/Manifest.lock\" > /dev/null\nif [ $? != 0 ] ; then\n    # print error to STDERR\n    echo \"error: The sandbox is not in sync with the Podfile.lock. Run 'pod install' or update your CocoaPods installation.\" >&2\n    exit 1\nfi\n# This output is used by Xcode 'outputs' to avoid re-running this script phase.\necho \"SUCCESS\" > \"${SCRIPT_OUTPUT_FILE_0}\"\n";
			showEnvVarsInLog = 0;
		};
/* End PBXShellScriptBuildPhase section */

/* Begin PBXSourcesBuildPhase section */
		BE364F5D26F5116A004FA8C2 /* Sources */ = {
			isa = PBXSourcesBuildPhase;
			buildActionMask = 2147483647;
			files = (
				BE364F6926F5116A004FA8C2 /* StartViewController.swift in Sources */,
				BEBFE05926F6BF9B00231F30 /* EditDescriptionViewController.swift in Sources */,
				BE364F8826F516DC004FA8C2 /* Colors.swift in Sources */,
				BE364F6F26F5116B004FA8C2 /* Assemble.xcdatamodeld in Sources */,
				BE364F6526F5116A004FA8C2 /* AppDelegate.swift in Sources */,
				BE364F6726F5116A004FA8C2 /* SceneDelegate.swift in Sources */,
				BE074C3B26F5671B0044809C /* MyEventsViewController.swift in Sources */,
				BE074C3F26F690C80044809C /* FirebaseConstants.swift in Sources */,
				BE074C4526F6B47B0044809C /* CreateEventViewController.swift in Sources */,
			);
			runOnlyForDeploymentPostprocessing = 0;
		};
/* End PBXSourcesBuildPhase section */

/* Begin PBXVariantGroup section */
		BE364F6A26F5116B004FA8C2 /* Main.storyboard */ = {
			isa = PBXVariantGroup;
			children = (
				BE364F6B26F5116B004FA8C2 /* Base */,
			);
			name = Main.storyboard;
			sourceTree = "<group>";
		};
		BE364F7226F5116F004FA8C2 /* LaunchScreen.storyboard */ = {
			isa = PBXVariantGroup;
			children = (
				BE364F7326F5116F004FA8C2 /* Base */,
			);
			name = LaunchScreen.storyboard;
			sourceTree = "<group>";
		};
/* End PBXVariantGroup section */

/* Begin XCBuildConfiguration section */
		BE364F7626F5116F004FA8C2 /* Debug */ = {
			isa = XCBuildConfiguration;
			buildSettings = {
				ALWAYS_SEARCH_USER_PATHS = NO;
				CLANG_ANALYZER_NONNULL = YES;
				CLANG_ANALYZER_NUMBER_OBJECT_CONVERSION = YES_AGGRESSIVE;
				CLANG_CXX_LANGUAGE_STANDARD = "gnu++14";
				CLANG_CXX_LIBRARY = "libc++";
				CLANG_ENABLE_MODULES = YES;
				CLANG_ENABLE_OBJC_ARC = YES;
				CLANG_ENABLE_OBJC_WEAK = YES;
				CLANG_WARN_BLOCK_CAPTURE_AUTORELEASING = YES;
				CLANG_WARN_BOOL_CONVERSION = YES;
				CLANG_WARN_COMMA = YES;
				CLANG_WARN_CONSTANT_CONVERSION = YES;
				CLANG_WARN_DEPRECATED_OBJC_IMPLEMENTATIONS = YES;
				CLANG_WARN_DIRECT_OBJC_ISA_USAGE = YES_ERROR;
				CLANG_WARN_DOCUMENTATION_COMMENTS = YES;
				CLANG_WARN_EMPTY_BODY = YES;
				CLANG_WARN_ENUM_CONVERSION = YES;
				CLANG_WARN_INFINITE_RECURSION = YES;
				CLANG_WARN_INT_CONVERSION = YES;
				CLANG_WARN_NON_LITERAL_NULL_CONVERSION = YES;
				CLANG_WARN_OBJC_IMPLICIT_RETAIN_SELF = YES;
				CLANG_WARN_OBJC_LITERAL_CONVERSION = YES;
				CLANG_WARN_OBJC_ROOT_CLASS = YES_ERROR;
				CLANG_WARN_QUOTED_INCLUDE_IN_FRAMEWORK_HEADER = YES;
				CLANG_WARN_RANGE_LOOP_ANALYSIS = YES;
				CLANG_WARN_STRICT_PROTOTYPES = YES;
				CLANG_WARN_SUSPICIOUS_MOVE = YES;
				CLANG_WARN_UNGUARDED_AVAILABILITY = YES_AGGRESSIVE;
				CLANG_WARN_UNREACHABLE_CODE = YES;
				CLANG_WARN__DUPLICATE_METHOD_MATCH = YES;
				COPY_PHASE_STRIP = NO;
				DEBUG_INFORMATION_FORMAT = dwarf;
				ENABLE_STRICT_OBJC_MSGSEND = YES;
				ENABLE_TESTABILITY = YES;
				GCC_C_LANGUAGE_STANDARD = gnu11;
				GCC_DYNAMIC_NO_PIC = NO;
				GCC_NO_COMMON_BLOCKS = YES;
				GCC_OPTIMIZATION_LEVEL = 0;
				GCC_PREPROCESSOR_DEFINITIONS = (
					"DEBUG=1",
					"$(inherited)",
				);
				GCC_WARN_64_TO_32_BIT_CONVERSION = YES;
				GCC_WARN_ABOUT_RETURN_TYPE = YES_ERROR;
				GCC_WARN_UNDECLARED_SELECTOR = YES;
				GCC_WARN_UNINITIALIZED_AUTOS = YES_AGGRESSIVE;
				GCC_WARN_UNUSED_FUNCTION = YES;
				GCC_WARN_UNUSED_VARIABLE = YES;
				IPHONEOS_DEPLOYMENT_TARGET = 14.5;
				MTL_ENABLE_DEBUG_INFO = INCLUDE_SOURCE;
				MTL_FAST_MATH = YES;
				ONLY_ACTIVE_ARCH = YES;
				SDKROOT = iphoneos;
				SWIFT_ACTIVE_COMPILATION_CONDITIONS = DEBUG;
				SWIFT_OPTIMIZATION_LEVEL = "-Onone";
			};
			name = Debug;
		};
		BE364F7726F5116F004FA8C2 /* Release */ = {
			isa = XCBuildConfiguration;
			buildSettings = {
				ALWAYS_SEARCH_USER_PATHS = NO;
				CLANG_ANALYZER_NONNULL = YES;
				CLANG_ANALYZER_NUMBER_OBJECT_CONVERSION = YES_AGGRESSIVE;
				CLANG_CXX_LANGUAGE_STANDARD = "gnu++14";
				CLANG_CXX_LIBRARY = "libc++";
				CLANG_ENABLE_MODULES = YES;
				CLANG_ENABLE_OBJC_ARC = YES;
				CLANG_ENABLE_OBJC_WEAK = YES;
				CLANG_WARN_BLOCK_CAPTURE_AUTORELEASING = YES;
				CLANG_WARN_BOOL_CONVERSION = YES;
				CLANG_WARN_COMMA = YES;
				CLANG_WARN_CONSTANT_CONVERSION = YES;
				CLANG_WARN_DEPRECATED_OBJC_IMPLEMENTATIONS = YES;
				CLANG_WARN_DIRECT_OBJC_ISA_USAGE = YES_ERROR;
				CLANG_WARN_DOCUMENTATION_COMMENTS = YES;
				CLANG_WARN_EMPTY_BODY = YES;
				CLANG_WARN_ENUM_CONVERSION = YES;
				CLANG_WARN_INFINITE_RECURSION = YES;
				CLANG_WARN_INT_CONVERSION = YES;
				CLANG_WARN_NON_LITERAL_NULL_CONVERSION = YES;
				CLANG_WARN_OBJC_IMPLICIT_RETAIN_SELF = YES;
				CLANG_WARN_OBJC_LITERAL_CONVERSION = YES;
				CLANG_WARN_OBJC_ROOT_CLASS = YES_ERROR;
				CLANG_WARN_QUOTED_INCLUDE_IN_FRAMEWORK_HEADER = YES;
				CLANG_WARN_RANGE_LOOP_ANALYSIS = YES;
				CLANG_WARN_STRICT_PROTOTYPES = YES;
				CLANG_WARN_SUSPICIOUS_MOVE = YES;
				CLANG_WARN_UNGUARDED_AVAILABILITY = YES_AGGRESSIVE;
				CLANG_WARN_UNREACHABLE_CODE = YES;
				CLANG_WARN__DUPLICATE_METHOD_MATCH = YES;
				COPY_PHASE_STRIP = NO;
				DEBUG_INFORMATION_FORMAT = "dwarf-with-dsym";
				ENABLE_NS_ASSERTIONS = NO;
				ENABLE_STRICT_OBJC_MSGSEND = YES;
				GCC_C_LANGUAGE_STANDARD = gnu11;
				GCC_NO_COMMON_BLOCKS = YES;
				GCC_WARN_64_TO_32_BIT_CONVERSION = YES;
				GCC_WARN_ABOUT_RETURN_TYPE = YES_ERROR;
				GCC_WARN_UNDECLARED_SELECTOR = YES;
				GCC_WARN_UNINITIALIZED_AUTOS = YES_AGGRESSIVE;
				GCC_WARN_UNUSED_FUNCTION = YES;
				GCC_WARN_UNUSED_VARIABLE = YES;
				IPHONEOS_DEPLOYMENT_TARGET = 14.5;
				MTL_ENABLE_DEBUG_INFO = NO;
				MTL_FAST_MATH = YES;
				SDKROOT = iphoneos;
				SWIFT_COMPILATION_MODE = wholemodule;
				SWIFT_OPTIMIZATION_LEVEL = "-O";
				VALIDATE_PRODUCT = YES;
			};
			name = Release;
		};
		BE364F7926F5116F004FA8C2 /* Debug */ = {
			isa = XCBuildConfiguration;
			baseConfigurationReference = 1CBACA429D02B5F9DA51B71A /* Pods-Assemble.debug.xcconfig */;
			buildSettings = {
				ASSETCATALOG_COMPILER_APPICON_NAME = AppIcon;
				ASSETCATALOG_COMPILER_GLOBAL_ACCENT_COLOR_NAME = AccentColor;
				CODE_SIGN_ENTITLEMENTS = Assemble/Assemble.entitlements;
				CODE_SIGN_STYLE = Automatic;
				DEVELOPMENT_TEAM = 7PW8WHRZ6Q;
				INFOPLIST_FILE = Assemble/Info.plist;
				IPHONEOS_DEPLOYMENT_TARGET = 14.1;
				LD_RUNPATH_SEARCH_PATHS = (
					"$(inherited)",
					"@executable_path/Frameworks",
				);
				PRODUCT_BUNDLE_IDENTIFIER = com.cyberhoodie.Assemble;
				PRODUCT_NAME = "$(TARGET_NAME)";
				SWIFT_VERSION = 5.0;
				TARGETED_DEVICE_FAMILY = 1;
			};
			name = Debug;
		};
		BE364F7A26F5116F004FA8C2 /* Release */ = {
			isa = XCBuildConfiguration;
			baseConfigurationReference = DEF25D783621AD2C3BF72A15 /* Pods-Assemble.release.xcconfig */;
			buildSettings = {
				ASSETCATALOG_COMPILER_APPICON_NAME = AppIcon;
				ASSETCATALOG_COMPILER_GLOBAL_ACCENT_COLOR_NAME = AccentColor;
				CODE_SIGN_ENTITLEMENTS = Assemble/Assemble.entitlements;
				CODE_SIGN_STYLE = Automatic;
				DEVELOPMENT_TEAM = 7PW8WHRZ6Q;
				INFOPLIST_FILE = Assemble/Info.plist;
				IPHONEOS_DEPLOYMENT_TARGET = 14.1;
				LD_RUNPATH_SEARCH_PATHS = (
					"$(inherited)",
					"@executable_path/Frameworks",
				);
				PRODUCT_BUNDLE_IDENTIFIER = com.cyberhoodie.Assemble;
				PRODUCT_NAME = "$(TARGET_NAME)";
				SWIFT_VERSION = 5.0;
				TARGETED_DEVICE_FAMILY = 1;
			};
			name = Release;
		};
/* End XCBuildConfiguration section */

/* Begin XCConfigurationList section */
		BE364F5C26F5116A004FA8C2 /* Build configuration list for PBXProject "Assemble" */ = {
			isa = XCConfigurationList;
			buildConfigurations = (
				BE364F7626F5116F004FA8C2 /* Debug */,
				BE364F7726F5116F004FA8C2 /* Release */,
			);
			defaultConfigurationIsVisible = 0;
			defaultConfigurationName = Release;
		};
		BE364F7826F5116F004FA8C2 /* Build configuration list for PBXNativeTarget "Assemble" */ = {
			isa = XCConfigurationList;
			buildConfigurations = (
				BE364F7926F5116F004FA8C2 /* Debug */,
				BE364F7A26F5116F004FA8C2 /* Release */,
			);
			defaultConfigurationIsVisible = 0;
			defaultConfigurationName = Release;
		};
/* End XCConfigurationList section */

/* Begin XCVersionGroup section */
		BE364F6D26F5116B004FA8C2 /* Assemble.xcdatamodeld */ = {
			isa = XCVersionGroup;
			children = (
				BE364F6E26F5116B004FA8C2 /* Assemble.xcdatamodel */,
			);
			currentVersion = BE364F6E26F5116B004FA8C2 /* Assemble.xcdatamodel */;
			path = Assemble.xcdatamodeld;
			sourceTree = "<group>";
			versionGroupType = wrapper.xcdatamodel;
		};
/* End XCVersionGroup section */
	};
	rootObject = BE364F5926F5116A004FA8C2 /* Project object */;
}
